
Microsoft Visual Studio Solution File, Format Version 12.00
# Visual Studio Version 17
VisualStudioVersion = 17.14.36429.23
MinimumVisualStudioVersion = 10.0.40219.1
Project("{2150E333-8FDC-42A3-9474-1A3956D46DE8}") = "Task0", "Task0", "{02EA681E-C7D8-13C7-8484-4AC65E1B71E8}"
EndProject
Project("{FAE04EC0-301F-11D3-BF4B-00C04F79EFBC}") = "Tyuiu.SvaykinVE.Sprint0.Task0.V0", "Tyuiu.SvaykinV.Sprint0.Task0.V0\Tyuiu.SvaykinVE.Sprint0.Task0.V0.csproj", "{D17E3D24-6722-42F1-8DE5-9B1D0C093D5E}"
EndProject
Project("{2150E333-8FDC-42A3-9474-1A3956D46DE8}") = "Task1", "Task1", "{D905DFD5-8D7B-4258-BD3C-22FCC187E054}"
EndProject
Project("{FAE04EC0-301F-11D3-BF4B-00C04F79EFBC}") = "Tyuiu.SvaykinVE.Sprint0.Task1.V0", "Tyuiu.SvaykinVE.Sprint0.Task1.V0\Tyuiu.SvaykinVE.Sprint0.Task1.V0.csproj", "{81811E62-CD5B-44F6-BC06-326A708AD09D}"
EndProject
Project("{2150E333-8FDC-42A3-9474-1A3956D46DE8}") = "Task2", "Task2", "{4C98BE38-C222-47B7-B29E-F34CEC73711E}"
EndProject
Project("{FAE04EC0-301F-11D3-BF4B-00C04F79EFBC}") = "Tyuiu.SvaykinVE.Sprint0.Task2.V0", "Tyuiu.SvaykinVE.Sprint0.Task2.V0\Tyuiu.SvaykinVE.Sprint0.Task2.V0.csproj", "{2CB75286-3758-4423-85A9-CC42D618962A}"
EndProject
Project("{FAE04EC0-301F-11D3-BF4B-00C04F79EFBC}") = "Tyuiu.SvaykinVE.Sprint0.Task2.V0.Lib", "Tyuiu.SvaykinVE.Sprint0.Task2.V0.Lib\Tyuiu.SvaykinVE.Sprint0.Task2.V0.Lib.csproj", "{EE013F45-B07A-48C2-823A-8CCD2FAED193}"
EndProject
Project("{FAE04EC0-301F-11D3-BF4B-00C04F79EFBC}") = "Tyuiu.SvaykinVE.Sprint0.Task2.V0.Test", "Tyuiu.SvaykinVE.Sprint0.Task2.V0.Test\Tyuiu.SvaykinVE.Sprint0.Task2.V0.Test.csproj", "{AEDE0291-B517-43C2-8E58-C21A3C3A6ECF}"
EndProject
Project("{2150E333-8FDC-42A3-9474-1A3956D46DE8}") = "Task3", "Task3", "{ACC799CB-53E7-4EC4-8F42-51D1F1E2CD42}"
EndProject
Project("{FAE04EC0-301F-11D3-BF4B-00C04F79EFBC}") = "Tyuiu.SvaykinVE.Sprint0.Task3.V0.Test", "Tyuiu.SvaykinVE.Sprint0.Task3.V0.Test\Tyuiu.SvaykinVE.Sprint0.Task3.V0.Test.csproj", "{E14275BD-4524-4C91-A29C-521F88DAB0B8}"
EndProject
Project("{FAE04EC0-301F-11D3-BF4B-00C04F79EFBC}") = "Tyuiu.SvaykinVE.Sprint0.Task3.V0.Lib", "Tyuiu.SvaykinVE.Sprint0.Task3.V0.Lib\Tyuiu.SvaykinVE.Sprint0.Task3.V0.Lib.csproj", "{D4F3CE71-FA38-491B-9186-6513C3718D82}"
EndProject
Project("{FAE04EC0-301F-11D3-BF4B-00C04F79EFBC}") = "Tyuiu.SvaykinVE.Sprint0.Task3.V0", "Tyuiu.SvaykinVE.Sprint0.Task3.V0\Tyuiu.SvaykinVE.Sprint0.Task3.V0.csproj", "{93E085B1-9DFF-444A-85F1-BE25B2989049}"
EndProject
Project("{2150E333-8FDC-42A3-9474-1A3956D46DE8}") = "Task4", "Task4", "{54203AA6-79F5-4326-B537-F83150A65122}"
EndProject
Project("{FAE04EC0-301F-11D3-BF4B-00C04F79EFBC}") = "Tyuiu.SvaykinVE.Sprint0.Task4.V0", "Tyuiu.SvaykinVE.Sprint0.Task4.V0\Tyuiu.SvaykinVE.Sprint0.Task4.V0.csproj", "{D76F4051-8C1F-4E68-97B8-8F917DC036AD}"
EndProject
Project("{FAE04EC0-301F-11D3-BF4B-00C04F79EFBC}") = "Tyuiu.SvaykinVE.Sprint0.Task4.V0.Lib", "Tyuiu.SvaykinVE.Sprint0.Task4.V0.Lib\Tyuiu.SvaykinVE.Sprint0.Task4.V0.Lib.csproj", "{2AAC5815-84FC-4AC2-9370-52317FB48256}"
EndProject
Project("{FAE04EC0-301F-11D3-BF4B-00C04F79EFBC}") = "Tyuiu.SvaykinVE.Sprint0.Task4.V0.Test", "Tyuiu.SvaykinVE.Sprint0.Task4.V0.Test\Tyuiu.SvaykinVE.Sprint0.Task4.V0.Test.csproj", "{BD4F8C4E-8C49-4F12-B94C-8279333ED994}"
EndProject
Project("{2150E333-8FDC-42A3-9474-1A3956D46DE8}") = "Task5", "Task5", "{8477DF13-ADD0-413E-BFED-CAC733EB50E6}"
EndProject
Project("{FAE04EC0-301F-11D3-BF4B-00C04F79EFBC}") = "Tyuiu.SvaykinVE.Sprint0.Task5.V0", "Tyuiu.SvaykinVE.Sprint0.Task5.V0\Tyuiu.SvaykinVE.Sprint0.Task5.V0.csproj", "{0391FFD4-647D-4699-A8E3-416402C28877}"
EndProject
Project("{FAE04EC0-301F-11D3-BF4B-00C04F79EFBC}") = "Tyuiu.SvaykinVE.Sprint0.Task5.V0.Lib", "Tyuiu.SvaykinVE.Sprint0.Task5.V0.Lib\Tyuiu.SvaykinVE.Sprint0.Task5.V0.Lib.csproj", "{3FCB6E71-DBD6-4BB6-BAF4-D83A3219D91F}"
EndProject
Project("{FAE04EC0-301F-11D3-BF4B-00C04F79EFBC}") = "Tyuiu.SvaykinVE.Sprint0.Task5.V0.Test", "Tyuiu.SvaykinVE.Sprint0.Task5.V0.Test\Tyuiu.SvaykinVE.Sprint0.Task5.V0.Test.csproj", "{85D79CE3-7D7A-430D-98A2-C6E215091887}"
EndProject
Project("{2150E333-8FDC-42A3-9474-1A3956D46DE8}") = "Task6", "Task6", "{27499805-3CB2-4D8D-BA44-DC039EBAF513}"
EndProject
Project("{FAE04EC0-301F-11D3-BF4B-00C04F79EFBC}") = "Tyuiu.SvaykinVE.Sprint0.Task6.V0", "Tyuiu.SvaykinVE.Sprint0.Task6.V0\Tyuiu.SvaykinVE.Sprint0.Task6.V0.csproj", "{AD6C26E1-FF1A-4059-B187-E5BE2C61CDFA}"
EndProject
Project("{FAE04EC0-301F-11D3-BF4B-00C04F79EFBC}") = "Tyuiu.SvaykinVE.Sprint0.Task6.V0.Lib", "Tyuiu.SvaykinVE.Sprint0.Task6.V0.Lib\Tyuiu.SvaykinVE.Sprint0.Task6.V0.Lib.csproj", "{80A8061A-5130-4681-BB67-7A80949B8D6D}"
EndProject
Project("{FAE04EC0-301F-11D3-BF4B-00C04F79EFBC}") = "Tyuiu.SvaykinVE.Sprint0.Task6.V0.Test", "Tyuiu.SvaykinVE.Sprint0.Task6.V0.Test\Tyuiu.SvaykinVE.Sprint0.Task6.V0.Test.csproj", "{40471F91-5BD7-4CFF-B8FE-8B273155F0F5}"
EndProject
Global
	GlobalSection(SolutionConfigurationPlatforms) = preSolution
		Debug|Any CPU = Debug|Any CPU
		Release|Any CPU = Release|Any CPU
	EndGlobalSection
	GlobalSection(ProjectConfigurationPlatforms) = postSolution
		{D17E3D24-6722-42F1-8DE5-9B1D0C093D5E}.Debug|Any CPU.ActiveCfg = Debug|Any CPU
		{D17E3D24-6722-42F1-8DE5-9B1D0C093D5E}.Debug|Any CPU.Build.0 = Debug|Any CPU
		{D17E3D24-6722-42F1-8DE5-9B1D0C093D5E}.Release|Any CPU.ActiveCfg = Release|Any CPU
		{D17E3D24-6722-42F1-8DE5-9B1D0C093D5E}.Release|Any CPU.Build.0 = Release|Any CPU
		{81811E62-CD5B-44F6-BC06-326A708AD09D}.Debug|Any CPU.ActiveCfg = Debug|Any CPU
		{81811E62-CD5B-44F6-BC06-326A708AD09D}.Debug|Any CPU.Build.0 = Debug|Any CPU
		{81811E62-CD5B-44F6-BC06-326A708AD09D}.Release|Any CPU.ActiveCfg = Release|Any CPU
		{81811E62-CD5B-44F6-BC06-326A708AD09D}.Release|Any CPU.Build.0 = Release|Any CPU
		{2CB75286-3758-4423-85A9-CC42D618962A}.Debug|Any CPU.ActiveCfg = Debug|Any CPU
		{2CB75286-3758-4423-85A9-CC42D618962A}.Debug|Any CPU.Build.0 = Debug|Any CPU
		{2CB75286-3758-4423-85A9-CC42D618962A}.Release|Any CPU.ActiveCfg = Release|Any CPU
		{2CB75286-3758-4423-85A9-CC42D618962A}.Release|Any CPU.Build.0 = Release|Any CPU
		{EE013F45-B07A-48C2-823A-8CCD2FAED193}.Debug|Any CPU.ActiveCfg = Debug|Any CPU
		{EE013F45-B07A-48C2-823A-8CCD2FAED193}.Debug|Any CPU.Build.0 = Debug|Any CPU
		{EE013F45-B07A-48C2-823A-8CCD2FAED193}.Release|Any CPU.ActiveCfg = Release|Any CPU
		{EE013F45-B07A-48C2-823A-8CCD2FAED193}.Release|Any CPU.Build.0 = Release|Any CPU
		{AEDE0291-B517-43C2-8E58-C21A3C3A6ECF}.Debug|Any CPU.ActiveCfg = Debug|Any CPU
		{AEDE0291-B517-43C2-8E58-C21A3C3A6ECF}.Debug|Any CPU.Build.0 = Debug|Any CPU
		{AEDE0291-B517-43C2-8E58-C21A3C3A6ECF}.Release|Any CPU.ActiveCfg = Release|Any CPU
		{AEDE0291-B517-43C2-8E58-C21A3C3A6ECF}.Release|Any CPU.Build.0 = Release|Any CPU
		{E14275BD-4524-4C91-A29C-521F88DAB0B8}.Debug|Any CPU.ActiveCfg = Debug|Any CPU
		{E14275BD-4524-4C91-A29C-521F88DAB0B8}.Debug|Any CPU.Build.0 = Debug|Any CPU
		{E14275BD-4524-4C91-A29C-521F88DAB0B8}.Release|Any CPU.ActiveCfg = Release|Any CPU
		{E14275BD-4524-4C91-A29C-521F88DAB0B8}.Release|Any CPU.Build.0 = Release|Any CPU
		{D4F3CE71-FA38-491B-9186-6513C3718D82}.Debug|Any CPU.ActiveCfg = Debug|Any CPU
		{D4F3CE71-FA38-491B-9186-6513C3718D82}.Debug|Any CPU.Build.0 = Debug|Any CPU
		{D4F3CE71-FA38-491B-9186-6513C3718D82}.Release|Any CPU.ActiveCfg = Release|Any CPU
		{D4F3CE71-FA38-491B-9186-6513C3718D82}.Release|Any CPU.Build.0 = Release|Any CPU
		{93E085B1-9DFF-444A-85F1-BE25B2989049}.Debug|Any CPU.ActiveCfg = Debug|Any CPU
		{93E085B1-9DFF-444A-85F1-BE25B2989049}.Debug|Any CPU.Build.0 = Debug|Any CPU
		{93E085B1-9DFF-444A-85F1-BE25B2989049}.Release|Any CPU.ActiveCfg = Release|Any CPU
		{93E085B1-9DFF-444A-85F1-BE25B2989049}.Release|Any CPU.Build.0 = Release|Any CPU
		{D76F4051-8C1F-4E68-97B8-8F917DC036AD}.Debug|Any CPU.ActiveCfg = Debug|Any CPU
		{D76F4051-8C1F-4E68-97B8-8F917DC036AD}.Debug|Any CPU.Build.0 = Debug|Any CPU
		{D76F4051-8C1F-4E68-97B8-8F917DC036AD}.Release|Any CPU.ActiveCfg = Release|Any CPU
		{D76F4051-8C1F-4E68-97B8-8F917DC036AD}.Release|Any CPU.Build.0 = Release|Any CPU
		{2AAC5815-84FC-4AC2-9370-52317FB48256}.Debug|Any CPU.ActiveCfg = Debug|Any CPU
		{2AAC5815-84FC-4AC2-9370-52317FB48256}.Debug|Any CPU.Build.0 = Debug|Any CPU
		{2AAC5815-84FC-4AC2-9370-52317FB48256}.Release|Any CPU.ActiveCfg = Release|Any CPU
		{2AAC5815-84FC-4AC2-9370-52317FB48256}.Release|Any CPU.Build.0 = Release|Any CPU
		{BD4F8C4E-8C49-4F12-B94C-8279333ED994}.Debug|Any CPU.ActiveCfg = Debug|Any CPU
		{BD4F8C4E-8C49-4F12-B94C-8279333ED994}.Debug|Any CPU.Build.0 = Debug|Any CPU
		{BD4F8C4E-8C49-4F12-B94C-8279333ED994}.Release|Any CPU.ActiveCfg = Release|Any CPU
		{BD4F8C4E-8C49-4F12-B94C-8279333ED994}.Release|Any CPU.Build.0 = Release|Any CPU
		{0391FFD4-647D-4699-A8E3-416402C28877}.Debug|Any CPU.ActiveCfg = Debug|Any CPU
		{0391FFD4-647D-4699-A8E3-416402C28877}.Debug|Any CPU.Build.0 = Debug|Any CPU
		{0391FFD4-647D-4699-A8E3-416402C28877}.Release|Any CPU.ActiveCfg = Release|Any CPU
		{0391FFD4-647D-4699-A8E3-416402C28877}.Release|Any CPU.Build.0 = Release|Any CPU
		{3FCB6E71-DBD6-4BB6-BAF4-D83A3219D91F}.Debug|Any CPU.ActiveCfg = Debug|Any CPU
		{3FCB6E71-DBD6-4BB6-BAF4-D83A3219D91F}.Debug|Any CPU.Build.0 = Debug|Any CPU
		{3FCB6E71-DBD6-4BB6-BAF4-D83A3219D91F}.Release|Any CPU.ActiveCfg = Release|Any CPU
		{3FCB6E71-DBD6-4BB6-BAF4-D83A3219D91F}.Release|Any CPU.Build.0 = Release|Any CPU
		{85D79CE3-7D7A-430D-98A2-C6E215091887}.Debug|Any CPU.ActiveCfg = Debug|Any CPU
		{85D79CE3-7D7A-430D-98A2-C6E215091887}.Debug|Any CPU.Build.0 = Debug|Any CPU
		{85D79CE3-7D7A-430D-98A2-C6E215091887}.Release|Any CPU.ActiveCfg = Release|Any CPU
		{85D79CE3-7D7A-430D-98A2-C6E215091887}.Release|Any CPU.Build.0 = Release|Any CPU
		{AD6C26E1-FF1A-4059-B187-E5BE2C61CDFA}.Debug|Any CPU.ActiveCfg = Debug|Any CPU
		{AD6C26E1-FF1A-4059-B187-E5BE2C61CDFA}.Debug|Any CPU.Build.0 = Debug|Any CPU
		{AD6C26E1-FF1A-4059-B187-E5BE2C61CDFA}.Release|Any CPU.ActiveCfg = Release|Any CPU
		{AD6C26E1-FF1A-4059-B187-E5BE2C61CDFA}.Release|Any CPU.Build.0 = Release|Any CPU
		{80A8061A-5130-4681-BB67-7A80949B8D6D}.Debug|Any CPU.ActiveCfg = Debug|Any CPU
		{80A8061A-5130-4681-BB67-7A80949B8D6D}.Debug|Any CPU.Build.0 = Debug|Any CPU
		{80A8061A-5130-4681-BB67-7A80949B8D6D}.Release|Any CPU.ActiveCfg = Release|Any CPU
		{80A8061A-5130-4681-BB67-7A80949B8D6D}.Release|Any CPU.Build.0 = Release|Any CPU
		{40471F91-5BD7-4CFF-B8FE-8B273155F0F5}.Debug|Any CPU.ActiveCfg = Debug|Any CPU
		{40471F91-5BD7-4CFF-B8FE-8B273155F0F5}.Debug|Any CPU.Build.0 = Debug|Any CPU
		{40471F91-5BD7-4CFF-B8FE-8B273155F0F5}.Release|Any CPU.ActiveCfg = Release|Any CPU
		{40471F91-5BD7-4CFF-B8FE-8B273155F0F5}.Release|Any CPU.Build.0 = Release|Any CPU
	EndGlobalSection
	GlobalSection(SolutionProperties) = preSolution
		HideSolutionNode = FALSE
	EndGlobalSection
	GlobalSection(NestedProjects) = preSolution
		{D17E3D24-6722-42F1-8DE5-9B1D0C093D5E} = {02EA681E-C7D8-13C7-8484-4AC65E1B71E8}
		{81811E62-CD5B-44F6-BC06-326A708AD09D} = {D905DFD5-8D7B-4258-BD3C-22FCC187E054}
		{2CB75286-3758-4423-85A9-CC42D618962A} = {4C98BE38-C222-47B7-B29E-F34CEC73711E}
		{EE013F45-B07A-48C2-823A-8CCD2FAED193} = {4C98BE38-C222-47B7-B29E-F34CEC73711E}
		{AEDE0291-B517-43C2-8E58-C21A3C3A6ECF} = {4C98BE38-C222-47B7-B29E-F34CEC73711E}
		{E14275BD-4524-4C91-A29C-521F88DAB0B8} = {ACC799CB-53E7-4EC4-8F42-51D1F1E2CD42}
		{D4F3CE71-FA38-491B-9186-6513C3718D82} = {ACC799CB-53E7-4EC4-8F42-51D1F1E2CD42}
		{93E085B1-9DFF-444A-85F1-BE25B2989049} = {ACC799CB-53E7-4EC4-8F42-51D1F1E2CD42}
		{D76F4051-8C1F-4E68-97B8-8F917DC036AD} = {54203AA6-79F5-4326-B537-F83150A65122}
		{2AAC5815-84FC-4AC2-9370-52317FB48256} = {54203AA6-79F5-4326-B537-F83150A65122}
		{BD4F8C4E-8C49-4F12-B94C-8279333ED994} = {54203AA6-79F5-4326-B537-F83150A65122}
		{0391FFD4-647D-4699-A8E3-416402C28877} = {8477DF13-ADD0-413E-BFED-CAC733EB50E6}
		{3FCB6E71-DBD6-4BB6-BAF4-D83A3219D91F} = {8477DF13-ADD0-413E-BFED-CAC733EB50E6}
		{85D79CE3-7D7A-430D-98A2-C6E215091887} = {8477DF13-ADD0-413E-BFED-CAC733EB50E6}
		{AD6C26E1-FF1A-4059-B187-E5BE2C61CDFA} = {27499805-3CB2-4D8D-BA44-DC039EBAF513}
		{80A8061A-5130-4681-BB67-7A80949B8D6D} = {27499805-3CB2-4D8D-BA44-DC039EBAF513}
		{40471F91-5BD7-4CFF-B8FE-8B273155F0F5} = {27499805-3CB2-4D8D-BA44-DC039EBAF513}
	EndGlobalSection
	GlobalSection(ExtensibilityGlobals) = postSolution
		SolutionGuid = {735BD340-6E9C-48D8-A508-CC1376A1E345}
	EndGlobalSection
EndGlobal
