
Microsoft Visual Studio Solution File, Format Version 12.00
# Visual Studio Version 17
VisualStudioVersion = 17.14.36429.23
MinimumVisualStudioVersion = 10.0.40219.1
Project("{2150E333-8FDC-42A3-9474-1A3956D46DE8}") = "Task0", "Task0", "{02EA681E-C7D8-13C7-8484-4AC65E1B71E8}"
EndProject
Project("{FAE04EC0-301F-11D3-BF4B-00C04F79EFBC}") = "Tyuiu.SvaykinV.Sprint0.Task0.V0", "Tyuiu.SvaykinV.Sprint0.Task0.V0\Tyuiu.SvaykinV.Sprint0.Task0.V0.csproj", "{D17E3D24-6722-42F1-8DE5-9B1D0C093D5E}"
EndProject
Project("{2150E333-8FDC-42A3-9474-1A3956D46DE8}") = "Task1", "Task1", "{D905DFD5-8D7B-4258-BD3C-22FCC187E054}"
EndProject
Project("{FAE04EC0-301F-11D3-BF4B-00C04F79EFBC}") = "Tyuiu.SvaykinVE.Sprint0.Task1.V0", "Tyuiu.SvaykinVE.Sprint0.Task1.V0\Tyuiu.SvaykinVE.Sprint0.Task1.V0.csproj", "{81811E62-CD5B-44F6-BC06-326A708AD09D}"
EndProject
Global
	GlobalSection(SolutionConfigurationPlatforms) = preSolution
		Debug|Any CPU = Debug|Any CPU
		Release|Any CPU = Release|Any CPU
	EndGlobalSection
	GlobalSection(ProjectConfigurationPlatforms) = postSolution
		{D17E3D24-6722-42F1-8DE5-9B1D0C093D5E}.Debug|Any CPU.ActiveCfg = Debug|Any CPU
		{D17E3D24-6722-42F1-8DE5-9B1D0C093D5E}.Debug|Any CPU.Build.0 = Debug|Any CPU
		{D17E3D24-6722-42F1-8DE5-9B1D0C093D5E}.Release|Any CPU.ActiveCfg = Release|Any CPU
		{D17E3D24-6722-42F1-8DE5-9B1D0C093D5E}.Release|Any CPU.Build.0 = Release|Any CPU
		{81811E62-CD5B-44F6-BC06-326A708AD09D}.Debug|Any CPU.ActiveCfg = Debug|Any CPU
		{81811E62-CD5B-44F6-BC06-326A708AD09D}.Debug|Any CPU.Build.0 = Debug|Any CPU
		{81811E62-CD5B-44F6-BC06-326A708AD09D}.Release|Any CPU.ActiveCfg = Release|Any CPU
		{81811E62-CD5B-44F6-BC06-326A708AD09D}.Release|Any CPU.Build.0 = Release|Any CPU
	EndGlobalSection
	GlobalSection(SolutionProperties) = preSolution
		HideSolutionNode = FALSE
	EndGlobalSection
	GlobalSection(NestedProjects) = preSolution
		{D17E3D24-6722-42F1-8DE5-9B1D0C093D5E} = {02EA681E-C7D8-13C7-8484-4AC65E1B71E8}
		{81811E62-CD5B-44F6-BC06-326A708AD09D} = {D905DFD5-8D7B-4258-BD3C-22FCC187E054}
	EndGlobalSection
	GlobalSection(ExtensibilityGlobals) = postSolution
		SolutionGuid = {735BD340-6E9C-48D8-A508-CC1376A1E345}
	EndGlobalSection
EndGlobal
